
Microsoft Visual Studio Solution File, Format Version 12.00
# Visual Studio 14
VisualStudioVersion = 14.0.24720.0
MinimumVisualStudioVersion = 10.0.40219.1
Project("{FAE04EC0-301F-11D3-BF4B-00C04F79EFBC}") = "OutputColorizer", "OutputColorizer\OutputColorizer.csproj", "{CD0D867F-C845-49F5-A9E1-AC6A5422FC93}"
EndProject
Project("{FAE04EC0-301F-11D3-BF4B-00C04F79EFBC}") = "OutputColorizer.Tests", "OutputColorizer.Tests\OutputColorizer.Tests.csproj", "{FD063BA8-7B01-42F4-B860-762C392DDB3D}"
EndProject
Global
	GlobalSection(SolutionConfigurationPlatforms) = preSolution
		Debug|Any CPU = Debug|Any CPU
		Release|Any CPU = Release|Any CPU
	EndGlobalSection
	GlobalSection(ProjectConfigurationPlatforms) = postSolution
		{CD0D867F-C845-49F5-A9E1-AC6A5422FC93}.Debug|Any CPU.ActiveCfg = Debug|Any CPU
		{CD0D867F-C845-49F5-A9E1-AC6A5422FC93}.Debug|Any CPU.Build.0 = Debug|Any CPU
		{CD0D867F-C845-49F5-A9E1-AC6A5422FC93}.Release|Any CPU.ActiveCfg = Release|Any CPU
		{CD0D867F-C845-49F5-A9E1-AC6A5422FC93}.Release|Any CPU.Build.0 = Release|Any CPU
		{FD063BA8-7B01-42F4-B860-762C392DDB3D}.Debug|Any CPU.ActiveCfg = Debug|Any CPU
		{FD063BA8-7B01-42F4-B860-762C392DDB3D}.Debug|Any CPU.Build.0 = Debug|Any CPU
		{FD063BA8-7B01-42F4-B860-762C392DDB3D}.Release|Any CPU.ActiveCfg = Release|Any CPU
		{FD063BA8-7B01-42F4-B860-762C392DDB3D}.Release|Any CPU.Build.0 = Release|Any CPU
	EndGlobalSection
	GlobalSection(SolutionProperties) = preSolution
		HideSolutionNode = FALSE
	EndGlobalSection
EndGlobal
